// !$*UTF8*$!
{
	archiveVersion = 1;
	classes = {
	};
	objectVersion = 55;
	objects = {

/* Begin PBXBuildFile section */
		3907448C2834242E008CFF65 /* RecipeData+CoreDataClass.swift in Sources */ = {isa = PBXBuildFile; fileRef = 3907448A2834242E008CFF65 /* RecipeData+CoreDataClass.swift */; };
		3907448D2834242E008CFF65 /* RecipeData+CoreDataProperties.swift in Sources */ = {isa = PBXBuildFile; fileRef = 3907448B2834242E008CFF65 /* RecipeData+CoreDataProperties.swift */; };
		3985040D2834134200034A0A /* AppDelegate.swift in Sources */ = {isa = PBXBuildFile; fileRef = 3985040C2834134200034A0A /* AppDelegate.swift */; };
		3985040F2834134200034A0A /* SceneDelegate.swift in Sources */ = {isa = PBXBuildFile; fileRef = 3985040E2834134200034A0A /* SceneDelegate.swift */; };
		398504142834134200034A0A /* Main.storyboard in Resources */ = {isa = PBXBuildFile; fileRef = 398504122834134200034A0A /* Main.storyboard */; };
		398504172834134200034A0A /* GoTo.xcdatamodeld in Sources */ = {isa = PBXBuildFile; fileRef = 398504152834134200034A0A /* GoTo.xcdatamodeld */; };
		398504192834134500034A0A /* Assets.xcassets in Resources */ = {isa = PBXBuildFile; fileRef = 398504182834134500034A0A /* Assets.xcassets */; };
		3985041C2834134500034A0A /* LaunchScreen.storyboard in Resources */ = {isa = PBXBuildFile; fileRef = 3985041A2834134500034A0A /* LaunchScreen.storyboard */; };
		398504292834188B00034A0A /* RecipeCollectionViewCell.swift in Sources */ = {isa = PBXBuildFile; fileRef = 398504272834188B00034A0A /* RecipeCollectionViewCell.swift */; };
		3985042A2834188B00034A0A /* RecipeCollectionViewCell.xib in Resources */ = {isa = PBXBuildFile; fileRef = 398504282834188B00034A0A /* RecipeCollectionViewCell.xib */; };
		3985042C283418CD00034A0A /* AddRecipeViewController.swift in Sources */ = {isa = PBXBuildFile; fileRef = 3985042B283418CD00034A0A /* AddRecipeViewController.swift */; };
		3985042E283418E300034A0A /* CollectionViewController.swift in Sources */ = {isa = PBXBuildFile; fileRef = 3985042D283418E300034A0A /* CollectionViewController.swift */; };
		39850430283418FD00034A0A /* RecipeWebViewController.swift in Sources */ = {isa = PBXBuildFile; fileRef = 3985042F283418FD00034A0A /* RecipeWebViewController.swift */; };
		398504322834192600034A0A /* SearchCollectionReusableView.swift in Sources */ = {isa = PBXBuildFile; fileRef = 398504312834192600034A0A /* SearchCollectionReusableView.swift */; };
/* End PBXBuildFile section */

/* Begin PBXFileReference section */
		3907448A2834242E008CFF65 /* RecipeData+CoreDataClass.swift */ = {isa = PBXFileReference; lastKnownFileType = sourcecode.swift; path = "RecipeData+CoreDataClass.swift"; sourceTree = "<group>"; };
		3907448B2834242E008CFF65 /* RecipeData+CoreDataProperties.swift */ = {isa = PBXFileReference; lastKnownFileType = sourcecode.swift; path = "RecipeData+CoreDataProperties.swift"; sourceTree = "<group>"; };
		398504092834134200034A0A /* GoTo.app */ = {isa = PBXFileReference; explicitFileType = wrapper.application; includeInIndex = 0; path = GoTo.app; sourceTree = BUILT_PRODUCTS_DIR; };
		3985040C2834134200034A0A /* AppDelegate.swift */ = {isa = PBXFileReference; lastKnownFileType = sourcecode.swift; path = AppDelegate.swift; sourceTree = "<group>"; };
		3985040E2834134200034A0A /* SceneDelegate.swift */ = {isa = PBXFileReference; lastKnownFileType = sourcecode.swift; path = SceneDelegate.swift; sourceTree = "<group>"; };
		398504132834134200034A0A /* Base */ = {isa = PBXFileReference; lastKnownFileType = file.storyboard; name = Base; path = Base.lproj/Main.storyboard; sourceTree = "<group>"; };
		398504162834134200034A0A /* GoTo.xcdatamodel */ = {isa = PBXFileReference; lastKnownFileType = wrapper.xcdatamodel; path = GoTo.xcdatamodel; sourceTree = "<group>"; };
		398504182834134500034A0A /* Assets.xcassets */ = {isa = PBXFileReference; lastKnownFileType = folder.assetcatalog; path = Assets.xcassets; sourceTree = "<group>"; };
		3985041B2834134500034A0A /* Base */ = {isa = PBXFileReference; lastKnownFileType = file.storyboard; name = Base; path = Base.lproj/LaunchScreen.storyboard; sourceTree = "<group>"; };
		3985041D2834134500034A0A /* Info.plist */ = {isa = PBXFileReference; lastKnownFileType = text.plist.xml; path = Info.plist; sourceTree = "<group>"; };
		398504272834188B00034A0A /* RecipeCollectionViewCell.swift */ = {isa = PBXFileReference; lastKnownFileType = sourcecode.swift; path = RecipeCollectionViewCell.swift; sourceTree = "<group>"; };
		398504282834188B00034A0A /* RecipeCollectionViewCell.xib */ = {isa = PBXFileReference; lastKnownFileType = file.xib; path = RecipeCollectionViewCell.xib; sourceTree = "<group>"; };
		3985042B283418CD00034A0A /* AddRecipeViewController.swift */ = {isa = PBXFileReference; lastKnownFileType = sourcecode.swift; path = AddRecipeViewController.swift; sourceTree = "<group>"; };
		3985042D283418E300034A0A /* CollectionViewController.swift */ = {isa = PBXFileReference; lastKnownFileType = sourcecode.swift; path = CollectionViewController.swift; sourceTree = "<group>"; };
		3985042F283418FD00034A0A /* RecipeWebViewController.swift */ = {isa = PBXFileReference; lastKnownFileType = sourcecode.swift; path = RecipeWebViewController.swift; sourceTree = "<group>"; };
		398504312834192600034A0A /* SearchCollectionReusableView.swift */ = {isa = PBXFileReference; lastKnownFileType = sourcecode.swift; path = SearchCollectionReusableView.swift; sourceTree = "<group>"; };
/* End PBXFileReference section */

/* Begin PBXFrameworksBuildPhase section */
		398504062834134200034A0A /* Frameworks */ = {
			isa = PBXFrameworksBuildPhase;
			buildActionMask = 2147483647;
			files = (
			);
			runOnlyForDeploymentPostprocessing = 0;
		};
/* End PBXFrameworksBuildPhase section */

/* Begin PBXGroup section */
		398504002834134200034A0A = {
			isa = PBXGroup;
			children = (
				3985040B2834134200034A0A /* GoTo */,
				3985040A2834134200034A0A /* Products */,
			);
			sourceTree = "<group>";
		};
		3985040A2834134200034A0A /* Products */ = {
			isa = PBXGroup;
			children = (
				398504092834134200034A0A /* GoTo.app */,
			);
			name = Products;
			sourceTree = "<group>";
		};
		3985040B2834134200034A0A /* GoTo */ = {
			isa = PBXGroup;
			children = (
				3985040C2834134200034A0A /* AppDelegate.swift */,
				3985040E2834134200034A0A /* SceneDelegate.swift */,
				398504392834223400034A0A /* Model */,
				398504382834221A00034A0A /* View */,
				398504372834220800034A0A /* Controller */,
				3985043A2834224900034A0A /*  Supporting Files */,
				3985041D2834134500034A0A /* Info.plist */,
			);
			path = GoTo;
			sourceTree = "<group>";
		};
		398504372834220800034A0A /* Controller */ = {
			isa = PBXGroup;
			children = (
				3985042D283418E300034A0A /* CollectionViewController.swift */,
				3985042F283418FD00034A0A /* RecipeWebViewController.swift */,
				398504312834192600034A0A /* SearchCollectionReusableView.swift */,
				398504272834188B00034A0A /* RecipeCollectionViewCell.swift */,
				3985042B283418CD00034A0A /* AddRecipeViewController.swift */,
			);
			path = Controller;
			sourceTree = "<group>";
		};
		398504382834221A00034A0A /* View */ = {
			isa = PBXGroup;
			children = (
				398504282834188B00034A0A /* RecipeCollectionViewCell.xib */,
				398504122834134200034A0A /* Main.storyboard */,
			);
			path = View;
			sourceTree = "<group>";
		};
		398504392834223400034A0A /* Model */ = {
			isa = PBXGroup;
			children = (
				3907448A2834242E008CFF65 /* RecipeData+CoreDataClass.swift */,
				3907448B2834242E008CFF65 /* RecipeData+CoreDataProperties.swift */,
				398504152834134200034A0A /* GoTo.xcdatamodeld */,
			);
			path = Model;
			sourceTree = "<group>";
		};
		3985043A2834224900034A0A /*  Supporting Files */ = {
			isa = PBXGroup;
			children = (
				3985041A2834134500034A0A /* LaunchScreen.storyboard */,
				398504182834134500034A0A /* Assets.xcassets */,
			);
			path = " Supporting Files";
			sourceTree = "<group>";
		};
/* End PBXGroup section */

/* Begin PBXNativeTarget section */
		398504082834134200034A0A /* GoTo */ = {
			isa = PBXNativeTarget;
			buildConfigurationList = 398504202834134500034A0A /* Build configuration list for PBXNativeTarget "GoTo" */;
			buildPhases = (
				398504052834134200034A0A /* Sources */,
				398504062834134200034A0A /* Frameworks */,
				398504072834134200034A0A /* Resources */,
			);
			buildRules = (
			);
			dependencies = (
			);
			name = GoTo;
			productName = GoTo;
			productReference = 398504092834134200034A0A /* GoTo.app */;
			productType = "com.apple.product-type.application";
		};
/* End PBXNativeTarget section */

/* Begin PBXProject section */
		398504012834134200034A0A /* Project object */ = {
			isa = PBXProject;
			attributes = {
				BuildIndependentTargetsInParallel = 1;
				LastSwiftUpdateCheck = 1330;
				LastUpgradeCheck = 1330;
				TargetAttributes = {
					398504082834134200034A0A = {
						CreatedOnToolsVersion = 13.3.1;
					};
				};
			};
			buildConfigurationList = 398504042834134200034A0A /* Build configuration list for PBXProject "GoTo" */;
			compatibilityVersion = "Xcode 13.0";
			developmentRegion = en;
			hasScannedForEncodings = 0;
			knownRegions = (
				en,
				Base,
			);
			mainGroup = 398504002834134200034A0A;
			productRefGroup = 3985040A2834134200034A0A /* Products */;
			projectDirPath = "";
			projectRoot = "";
			targets = (
				398504082834134200034A0A /* GoTo */,
			);
		};
/* End PBXProject section */

/* Begin PBXResourcesBuildPhase section */
		398504072834134200034A0A /* Resources */ = {
			isa = PBXResourcesBuildPhase;
			buildActionMask = 2147483647;
			files = (
				3985042A2834188B00034A0A /* RecipeCollectionViewCell.xib in Resources */,
				3985041C2834134500034A0A /* LaunchScreen.storyboard in Resources */,
				398504192834134500034A0A /* Assets.xcassets in Resources */,
				398504142834134200034A0A /* Main.storyboard in Resources */,
			);
			runOnlyForDeploymentPostprocessing = 0;
		};
/* End PBXResourcesBuildPhase section */

/* Begin PBXSourcesBuildPhase section */
		398504052834134200034A0A /* Sources */ = {
			isa = PBXSourcesBuildPhase;
			buildActionMask = 2147483647;
			files = (
				398504322834192600034A0A /* SearchCollectionReusableView.swift in Sources */,
				3985042C283418CD00034A0A /* AddRecipeViewController.swift in Sources */,
				3985040D2834134200034A0A /* AppDelegate.swift in Sources */,
				398504292834188B00034A0A /* RecipeCollectionViewCell.swift in Sources */,
				3985042E283418E300034A0A /* CollectionViewController.swift in Sources */,
				39850430283418FD00034A0A /* RecipeWebViewController.swift in Sources */,
				398504172834134200034A0A /* GoTo.xcdatamodeld in Sources */,
				3907448D2834242E008CFF65 /* RecipeData+CoreDataProperties.swift in Sources */,
				3907448C2834242E008CFF65 /* RecipeData+CoreDataClass.swift in Sources */,
				3985040F2834134200034A0A /* SceneDelegate.swift in Sources */,
			);
			runOnlyForDeploymentPostprocessing = 0;
		};
/* End PBXSourcesBuildPhase section */

/* Begin PBXVariantGroup section */
		398504122834134200034A0A /* Main.storyboard */ = {
			isa = PBXVariantGroup;
			children = (
				398504132834134200034A0A /* Base */,
			);
			name = Main.storyboard;
			sourceTree = "<group>";
		};
		3985041A2834134500034A0A /* LaunchScreen.storyboard */ = {
			isa = PBXVariantGroup;
			children = (
				3985041B2834134500034A0A /* Base */,
			);
			name = LaunchScreen.storyboard;
			sourceTree = "<group>";
		};
/* End PBXVariantGroup section */

/* Begin XCBuildConfiguration section */
		3985041E2834134500034A0A /* Debug */ = {
			isa = XCBuildConfiguration;
			buildSettings = {
				ALWAYS_SEARCH_USER_PATHS = NO;
				CLANG_ANALYZER_NONNULL = YES;
				CLANG_ANALYZER_NUMBER_OBJECT_CONVERSION = YES_AGGRESSIVE;
				CLANG_CXX_LANGUAGE_STANDARD = "gnu++17";
				CLANG_ENABLE_MODULES = YES;
				CLANG_ENABLE_OBJC_ARC = YES;
				CLANG_ENABLE_OBJC_WEAK = YES;
				CLANG_WARN_BLOCK_CAPTURE_AUTORELEASING = YES;
				CLANG_WARN_BOOL_CONVERSION = YES;
				CLANG_WARN_COMMA = YES;
				CLANG_WARN_CONSTANT_CONVERSION = YES;
				CLANG_WARN_DEPRECATED_OBJC_IMPLEMENTATIONS = YES;
				CLANG_WARN_DIRECT_OBJC_ISA_USAGE = YES_ERROR;
				CLANG_WARN_DOCUMENTATION_COMMENTS = YES;
				CLANG_WARN_EMPTY_BODY = YES;
				CLANG_WARN_ENUM_CONVERSION = YES;
				CLANG_WARN_INFINITE_RECURSION = YES;
				CLANG_WARN_INT_CONVERSION = YES;
				CLANG_WARN_NON_LITERAL_NULL_CONVERSION = YES;
				CLANG_WARN_OBJC_IMPLICIT_RETAIN_SELF = YES;
				CLANG_WARN_OBJC_LITERAL_CONVERSION = YES;
				CLANG_WARN_OBJC_ROOT_CLASS = YES_ERROR;
				CLANG_WARN_QUOTED_INCLUDE_IN_FRAMEWORK_HEADER = YES;
				CLANG_WARN_RANGE_LOOP_ANALYSIS = YES;
				CLANG_WARN_STRICT_PROTOTYPES = YES;
				CLANG_WARN_SUSPICIOUS_MOVE = YES;
				CLANG_WARN_UNGUARDED_AVAILABILITY = YES_AGGRESSIVE;
				CLANG_WARN_UNREACHABLE_CODE = YES;
				CLANG_WARN__DUPLICATE_METHOD_MATCH = YES;
				COPY_PHASE_STRIP = NO;
				DEBUG_INFORMATION_FORMAT = dwarf;
				ENABLE_STRICT_OBJC_MSGSEND = YES;
				ENABLE_TESTABILITY = YES;
				GCC_C_LANGUAGE_STANDARD = gnu11;
				GCC_DYNAMIC_NO_PIC = NO;
				GCC_NO_COMMON_BLOCKS = YES;
				GCC_OPTIMIZATION_LEVEL = 0;
				GCC_PREPROCESSOR_DEFINITIONS = (
					"DEBUG=1",
					"$(inherited)",
				);
				GCC_WARN_64_TO_32_BIT_CONVERSION = YES;
				GCC_WARN_ABOUT_RETURN_TYPE = YES_ERROR;
				GCC_WARN_UNDECLARED_SELECTOR = YES;
				GCC_WARN_UNINITIALIZED_AUTOS = YES_AGGRESSIVE;
				GCC_WARN_UNUSED_FUNCTION = YES;
				GCC_WARN_UNUSED_VARIABLE = YES;
				IPHONEOS_DEPLOYMENT_TARGET = 15.4;
				MTL_ENABLE_DEBUG_INFO = INCLUDE_SOURCE;
				MTL_FAST_MATH = YES;
				ONLY_ACTIVE_ARCH = YES;
				SDKROOT = iphoneos;
				SWIFT_ACTIVE_COMPILATION_CONDITIONS = DEBUG;
				SWIFT_OPTIMIZATION_LEVEL = "-Onone";
			};
			name = Debug;
		};
		3985041F2834134500034A0A /* Release */ = {
			isa = XCBuildConfiguration;
			buildSettings = {
				ALWAYS_SEARCH_USER_PATHS = NO;
				CLANG_ANALYZER_NONNULL = YES;
				CLANG_ANALYZER_NUMBER_OBJECT_CONVERSION = YES_AGGRESSIVE;
				CLANG_CXX_LANGUAGE_STANDARD = "gnu++17";
				CLANG_ENABLE_MODULES = YES;
				CLANG_ENABLE_OBJC_ARC = YES;
				CLANG_ENABLE_OBJC_WEAK = YES;
				CLANG_WARN_BLOCK_CAPTURE_AUTORELEASING = YES;
				CLANG_WARN_BOOL_CONVERSION = YES;
				CLANG_WARN_COMMA = YES;
				CLANG_WARN_CONSTANT_CONVERSION = YES;
				CLANG_WARN_DEPRECATED_OBJC_IMPLEMENTATIONS = YES;
				CLANG_WARN_DIRECT_OBJC_ISA_USAGE = YES_ERROR;
				CLANG_WARN_DOCUMENTATION_COMMENTS = YES;
				CLANG_WARN_EMPTY_BODY = YES;
				CLANG_WARN_ENUM_CONVERSION = YES;
				CLANG_WARN_INFINITE_RECURSION = YES;
				CLANG_WARN_INT_CONVERSION = YES;
				CLANG_WARN_NON_LITERAL_NULL_CONVERSION = YES;
				CLANG_WARN_OBJC_IMPLICIT_RETAIN_SELF = YES;
				CLANG_WARN_OBJC_LITERAL_CONVERSION = YES;
				CLANG_WARN_OBJC_ROOT_CLASS = YES_ERROR;
				CLANG_WARN_QUOTED_INCLUDE_IN_FRAMEWORK_HEADER = YES;
				CLANG_WARN_RANGE_LOOP_ANALYSIS = YES;
				CLANG_WARN_STRICT_PROTOTYPES = YES;
				CLANG_WARN_SUSPICIOUS_MOVE = YES;
				CLANG_WARN_UNGUARDED_AVAILABILITY = YES_AGGRESSIVE;
				CLANG_WARN_UNREACHABLE_CODE = YES;
				CLANG_WARN__DUPLICATE_METHOD_MATCH = YES;
				COPY_PHASE_STRIP = NO;
				DEBUG_INFORMATION_FORMAT = "dwarf-with-dsym";
				ENABLE_NS_ASSERTIONS = NO;
				ENABLE_STRICT_OBJC_MSGSEND = YES;
				GCC_C_LANGUAGE_STANDARD = gnu11;
				GCC_NO_COMMON_BLOCKS = YES;
				GCC_WARN_64_TO_32_BIT_CONVERSION = YES;
				GCC_WARN_ABOUT_RETURN_TYPE = YES_ERROR;
				GCC_WARN_UNDECLARED_SELECTOR = YES;
				GCC_WARN_UNINITIALIZED_AUTOS = YES_AGGRESSIVE;
				GCC_WARN_UNUSED_FUNCTION = YES;
				GCC_WARN_UNUSED_VARIABLE = YES;
				IPHONEOS_DEPLOYMENT_TARGET = 15.4;
				MTL_ENABLE_DEBUG_INFO = NO;
				MTL_FAST_MATH = YES;
				SDKROOT = iphoneos;
				SWIFT_COMPILATION_MODE = wholemodule;
				SWIFT_OPTIMIZATION_LEVEL = "-O";
				VALIDATE_PRODUCT = YES;
			};
			name = Release;
		};
		398504212834134500034A0A /* Debug */ = {
			isa = XCBuildConfiguration;
			buildSettings = {
				ASSETCATALOG_COMPILER_APPICON_NAME = AppIcon;
				ASSETCATALOG_COMPILER_GLOBAL_ACCENT_COLOR_NAME = AccentColor;
				CODE_SIGN_STYLE = Automatic;
				CURRENT_PROJECT_VERSION = 1;
				DEVELOPMENT_TEAM = AV8NQS24A9;
				GENERATE_INFOPLIST_FILE = YES;
				INFOPLIST_FILE = GoTo/Info.plist;
				INFOPLIST_KEY_UIApplicationSupportsIndirectInputEvents = YES;
				INFOPLIST_KEY_UILaunchStoryboardName = LaunchScreen;
				INFOPLIST_KEY_UIMainStoryboardFile = Main;
				INFOPLIST_KEY_UISupportedInterfaceOrientations_iPad = "UIInterfaceOrientationPortrait UIInterfaceOrientationPortraitUpsideDown UIInterfaceOrientationLandscapeLeft UIInterfaceOrientationLandscapeRight";
				INFOPLIST_KEY_UISupportedInterfaceOrientations_iPhone = "UIInterfaceOrientationPortrait UIInterfaceOrientationLandscapeLeft UIInterfaceOrientationLandscapeRight";
				LD_RUNPATH_SEARCH_PATHS = (
					"$(inherited)",
					"@executable_path/Frameworks",
				);
				MARKETING_VERSION = 1.0;
				PRODUCT_BUNDLE_IDENTIFIER = me.AshleySmith.GoTo;
				PRODUCT_NAME = "$(TARGET_NAME)";
				SWIFT_EMIT_LOC_STRINGS = YES;
				SWIFT_VERSION = 5.0;
				TARGETED_DEVICE_FAMILY = "1,2";
			};
			name = Debug;
		};
		398504222834134500034A0A /* Release */ = {
			isa = XCBuildConfiguration;
			buildSettings = {
				ASSETCATALOG_COMPILER_APPICON_NAME = AppIcon;
				ASSETCATALOG_COMPILER_GLOBAL_ACCENT_COLOR_NAME = AccentColor;
				CODE_SIGN_STYLE = Automatic;
				CURRENT_PROJECT_VERSION = 1;
				DEVELOPMENT_TEAM = AV8NQS24A9;
				GENERATE_INFOPLIST_FILE = YES;
				INFOPLIST_FILE = GoTo/Info.plist;
				INFOPLIST_KEY_UIApplicationSupportsIndirectInputEvents = YES;
				INFOPLIST_KEY_UILaunchStoryboardName = LaunchScreen;
				INFOPLIST_KEY_UIMainStoryboardFile = Main;
				INFOPLIST_KEY_UISupportedInterfaceOrientations_iPad = "UIInterfaceOrientationPortrait UIInterfaceOrientationPortraitUpsideDown UIInterfaceOrientationLandscapeLeft UIInterfaceOrientationLandscapeRight";
				INFOPLIST_KEY_UISupportedInterfaceOrientations_iPhone = "UIInterfaceOrientationPortrait UIInterfaceOrientationLandscapeLeft UIInterfaceOrientationLandscapeRight";
				LD_RUNPATH_SEARCH_PATHS = (
					"$(inherited)",
					"@executable_path/Frameworks",
				);
				MARKETING_VERSION = 1.0;
				PRODUCT_BUNDLE_IDENTIFIER = me.AshleySmith.GoTo;
				PRODUCT_NAME = "$(TARGET_NAME)";
				SWIFT_EMIT_LOC_STRINGS = YES;
				SWIFT_VERSION = 5.0;
				TARGETED_DEVICE_FAMILY = "1,2";
			};
			name = Release;
		};
/* End XCBuildConfiguration section */

/* Begin XCConfigurationList section */
		398504042834134200034A0A /* Build configuration list for PBXProject "GoTo" */ = {
			isa = XCConfigurationList;
			buildConfigurations = (
				3985041E2834134500034A0A /* Debug */,
				3985041F2834134500034A0A /* Release */,
			);
			defaultConfigurationIsVisible = 0;
			defaultConfigurationName = Release;
		};
		398504202834134500034A0A /* Build configuration list for PBXNativeTarget "GoTo" */ = {
			isa = XCConfigurationList;
			buildConfigurations = (
				398504212834134500034A0A /* Debug */,
				398504222834134500034A0A /* Release */,
			);
			defaultConfigurationIsVisible = 0;
			defaultConfigurationName = Release;
		};
/* End XCConfigurationList section */

/* Begin XCVersionGroup section */
		398504152834134200034A0A /* GoTo.xcdatamodeld */ = {
			isa = XCVersionGroup;
			children = (
				398504162834134200034A0A /* GoTo.xcdatamodel */,
			);
			currentVersion = 398504162834134200034A0A /* GoTo.xcdatamodel */;
			path = GoTo.xcdatamodeld;
			sourceTree = "<group>";
			versionGroupType = wrapper.xcdatamodel;
		};
/* End XCVersionGroup section */
	};
	rootObject = 398504012834134200034A0A /* Project object */;
}
